
Microsoft Visual Studio Solution File, Format Version 12.00
Project("{FAE04EC0-301F-11D3-BF4B-00C04F79EFBC}") = "HotelListing", "HotelListing\HotelListing.csproj", "{6AF94477-B034-42A5-989C-A8AA3664DF6A}"
EndProject
Global
	GlobalSection(SolutionConfigurationPlatforms) = preSolution
		Debug|Any CPU = Debug|Any CPU
		Release|Any CPU = Release|Any CPU
	EndGlobalSection
	GlobalSection(ProjectConfigurationPlatforms) = postSolution
		{6AF94477-B034-42A5-989C-A8AA3664DF6A}.Debug|Any CPU.ActiveCfg = Debug|Any CPU
		{6AF94477-B034-42A5-989C-A8AA3664DF6A}.Debug|Any CPU.Build.0 = Debug|Any CPU
		{6AF94477-B034-42A5-989C-A8AA3664DF6A}.Release|Any CPU.ActiveCfg = Release|Any CPU
		{6AF94477-B034-42A5-989C-A8AA3664DF6A}.Release|Any CPU.Build.0 = Release|Any CPU
	EndGlobalSection
EndGlobal
